
Microsoft Visual Studio Solution File, Format Version 12.00
# Visual Studio Version 16
VisualStudioVersion = 16.0.31515.178
MinimumVisualStudioVersion = 10.0.40219.1
Project("{FAE04EC0-301F-11D3-BF4B-00C04F79EFBC}") = "MarsRoverChallenge", "MarsRoverChallenge\MarsRoverChallenge.csproj", "{293C3963-9E7F-4A02-9904-3930BE07A88E}"
EndProject
Project("{FAE04EC0-301F-11D3-BF4B-00C04F79EFBC}") = "MarsRoverTestProject", "MarsRoverTestProject\MarsRoverTestProject.csproj", "{3AEEDC7B-B460-4DCA-A5C7-D35D16C97510}"
EndProject
Global
	GlobalSection(SolutionConfigurationPlatforms) = preSolution
		Debug|Any CPU = Debug|Any CPU
		Release|Any CPU = Release|Any CPU
	EndGlobalSection
	GlobalSection(ProjectConfigurationPlatforms) = postSolution
		{293C3963-9E7F-4A02-9904-3930BE07A88E}.Debug|Any CPU.ActiveCfg = Debug|Any CPU
		{293C3963-9E7F-4A02-9904-3930BE07A88E}.Debug|Any CPU.Build.0 = Debug|Any CPU
		{293C3963-9E7F-4A02-9904-3930BE07A88E}.Release|Any CPU.ActiveCfg = Release|Any CPU
		{293C3963-9E7F-4A02-9904-3930BE07A88E}.Release|Any CPU.Build.0 = Release|Any CPU
		{3AEEDC7B-B460-4DCA-A5C7-D35D16C97510}.Debug|Any CPU.ActiveCfg = Debug|Any CPU
		{3AEEDC7B-B460-4DCA-A5C7-D35D16C97510}.Debug|Any CPU.Build.0 = Debug|Any CPU
		{3AEEDC7B-B460-4DCA-A5C7-D35D16C97510}.Release|Any CPU.ActiveCfg = Release|Any CPU
		{3AEEDC7B-B460-4DCA-A5C7-D35D16C97510}.Release|Any CPU.Build.0 = Release|Any CPU
	EndGlobalSection
	GlobalSection(SolutionProperties) = preSolution
		HideSolutionNode = FALSE
	EndGlobalSection
	GlobalSection(ExtensibilityGlobals) = postSolution
		SolutionGuid = {D859E3C2-873E-4771-A9FB-3D6FF7690A49}
	EndGlobalSection
EndGlobal
